
Microsoft Visual Studio Solution File, Format Version 12.00
# Visual Studio Version 16
VisualStudioVersion = 16.0.30907.101
MinimumVisualStudioVersion = 10.0.40219.1
Project("{9A19103F-16F7-4668-BE54-9A1E7A4F7556}") = "Part1", "Part1\Part1.csproj", "{70334F99-C2AC-4C2B-A210-90A51403435B}"
EndProject
Project("{9A19103F-16F7-4668-BE54-9A1E7A4F7556}") = "Part2", "Part2\Part2.csproj", "{A41B9A47-0075-4C88-9C13-D937DBEBECD4}"
EndProject
Project("{9A19103F-16F7-4668-BE54-9A1E7A4F7556}") = "Part3", "Part3\Part3.csproj", "{B09E3E7F-37F4-4C29-873D-BAB4BCE6DEE0}"
EndProject
Project("{FAE04EC0-301F-11D3-BF4B-00C04F79EFBC}") = "Part4", "Part4\Part4.csproj", "{C05F8A3F-4EDD-45DE-8CDC-6BD90B853D75}"
EndProject
Global
	GlobalSection(SolutionConfigurationPlatforms) = preSolution
		Debug|Any CPU = Debug|Any CPU
		Release|Any CPU = Release|Any CPU
	EndGlobalSection
	GlobalSection(ProjectConfigurationPlatforms) = postSolution
		{70334F99-C2AC-4C2B-A210-90A51403435B}.Debug|Any CPU.ActiveCfg = Debug|Any CPU
		{70334F99-C2AC-4C2B-A210-90A51403435B}.Debug|Any CPU.Build.0 = Debug|Any CPU
		{70334F99-C2AC-4C2B-A210-90A51403435B}.Release|Any CPU.ActiveCfg = Release|Any CPU
		{70334F99-C2AC-4C2B-A210-90A51403435B}.Release|Any CPU.Build.0 = Release|Any CPU
		{A41B9A47-0075-4C88-9C13-D937DBEBECD4}.Debug|Any CPU.ActiveCfg = Debug|Any CPU
		{A41B9A47-0075-4C88-9C13-D937DBEBECD4}.Debug|Any CPU.Build.0 = Debug|Any CPU
		{A41B9A47-0075-4C88-9C13-D937DBEBECD4}.Release|Any CPU.ActiveCfg = Release|Any CPU
		{A41B9A47-0075-4C88-9C13-D937DBEBECD4}.Release|Any CPU.Build.0 = Release|Any CPU
		{B09E3E7F-37F4-4C29-873D-BAB4BCE6DEE0}.Debug|Any CPU.ActiveCfg = Debug|Any CPU
		{B09E3E7F-37F4-4C29-873D-BAB4BCE6DEE0}.Debug|Any CPU.Build.0 = Debug|Any CPU
		{B09E3E7F-37F4-4C29-873D-BAB4BCE6DEE0}.Release|Any CPU.ActiveCfg = Release|Any CPU
		{B09E3E7F-37F4-4C29-873D-BAB4BCE6DEE0}.Release|Any CPU.Build.0 = Release|Any CPU
		{C05F8A3F-4EDD-45DE-8CDC-6BD90B853D75}.Debug|Any CPU.ActiveCfg = Debug|Any CPU
		{C05F8A3F-4EDD-45DE-8CDC-6BD90B853D75}.Debug|Any CPU.Build.0 = Debug|Any CPU
		{C05F8A3F-4EDD-45DE-8CDC-6BD90B853D75}.Release|Any CPU.ActiveCfg = Release|Any CPU
		{C05F8A3F-4EDD-45DE-8CDC-6BD90B853D75}.Release|Any CPU.Build.0 = Release|Any CPU
	EndGlobalSection
	GlobalSection(SolutionProperties) = preSolution
		HideSolutionNode = FALSE
	EndGlobalSection
	GlobalSection(ExtensibilityGlobals) = postSolution
		SolutionGuid = {82A64CA7-4799-4E31-91C2-1BB463E870C5}
	EndGlobalSection
EndGlobal
